
Microsoft Visual Studio Solution File, Format Version 12.00
# Visual Studio Version 16
VisualStudioVersion = 16.0.32602.291
MinimumVisualStudioVersion = 10.0.40219.1
Project("{9A19103F-16F7-4668-BE54-9A1E7A4F7556}") = "Business", "Business\Business.csproj", "{2F4B1BB1-B686-4A77-AFE1-663F86356CB9}"
EndProject
Project("{9A19103F-16F7-4668-BE54-9A1E7A4F7556}") = "Entities", "Entities\Entities.csproj", "{D80BAD0A-D4F0-4CF3-909E-386EF682D8B4}"
EndProject
Project("{9A19103F-16F7-4668-BE54-9A1E7A4F7556}") = "ConsoleUI", "ConsoleUI\ConsoleUI.csproj", "{DBDCFD62-C9FA-4526-B4C1-BA5225C9AFE3}"
EndProject
Project("{9A19103F-16F7-4668-BE54-9A1E7A4F7556}") = "Core", "Core\Core.csproj", "{258F531E-A095-4B6B-8F55-907750664E28}"
EndProject
Project("{9A19103F-16F7-4668-BE54-9A1E7A4F7556}") = "DataAccess", "DataAccess\DataAccess.csproj", "{2224CB6C-8A4F-4F92-B402-E0E8CFC16ADC}"
EndProject
Project("{FAE04EC0-301F-11D3-BF4B-00C04F79EFBC}") = "WebAPI", "WebAPI\WebAPI.csproj", "{CB82ACBA-F890-4EE0-9F2B-FA5E973774D4}"
EndProject
Global
	GlobalSection(SolutionConfigurationPlatforms) = preSolution
		Debug|Any CPU = Debug|Any CPU
		Release|Any CPU = Release|Any CPU
	EndGlobalSection
	GlobalSection(ProjectConfigurationPlatforms) = postSolution
		{2F4B1BB1-B686-4A77-AFE1-663F86356CB9}.Debug|Any CPU.ActiveCfg = Debug|Any CPU
		{2F4B1BB1-B686-4A77-AFE1-663F86356CB9}.Debug|Any CPU.Build.0 = Debug|Any CPU
		{2F4B1BB1-B686-4A77-AFE1-663F86356CB9}.Release|Any CPU.ActiveCfg = Release|Any CPU
		{2F4B1BB1-B686-4A77-AFE1-663F86356CB9}.Release|Any CPU.Build.0 = Release|Any CPU
		{D80BAD0A-D4F0-4CF3-909E-386EF682D8B4}.Debug|Any CPU.ActiveCfg = Debug|Any CPU
		{D80BAD0A-D4F0-4CF3-909E-386EF682D8B4}.Debug|Any CPU.Build.0 = Debug|Any CPU
		{D80BAD0A-D4F0-4CF3-909E-386EF682D8B4}.Release|Any CPU.ActiveCfg = Release|Any CPU
		{D80BAD0A-D4F0-4CF3-909E-386EF682D8B4}.Release|Any CPU.Build.0 = Release|Any CPU
		{DBDCFD62-C9FA-4526-B4C1-BA5225C9AFE3}.Debug|Any CPU.ActiveCfg = Debug|Any CPU
		{DBDCFD62-C9FA-4526-B4C1-BA5225C9AFE3}.Debug|Any CPU.Build.0 = Debug|Any CPU
		{DBDCFD62-C9FA-4526-B4C1-BA5225C9AFE3}.Release|Any CPU.ActiveCfg = Release|Any CPU
		{DBDCFD62-C9FA-4526-B4C1-BA5225C9AFE3}.Release|Any CPU.Build.0 = Release|Any CPU
		{258F531E-A095-4B6B-8F55-907750664E28}.Debug|Any CPU.ActiveCfg = Debug|Any CPU
		{258F531E-A095-4B6B-8F55-907750664E28}.Debug|Any CPU.Build.0 = Debug|Any CPU
		{258F531E-A095-4B6B-8F55-907750664E28}.Release|Any CPU.ActiveCfg = Release|Any CPU
		{258F531E-A095-4B6B-8F55-907750664E28}.Release|Any CPU.Build.0 = Release|Any CPU
		{2224CB6C-8A4F-4F92-B402-E0E8CFC16ADC}.Debug|Any CPU.ActiveCfg = Debug|Any CPU
		{2224CB6C-8A4F-4F92-B402-E0E8CFC16ADC}.Debug|Any CPU.Build.0 = Debug|Any CPU
		{2224CB6C-8A4F-4F92-B402-E0E8CFC16ADC}.Release|Any CPU.ActiveCfg = Release|Any CPU
		{2224CB6C-8A4F-4F92-B402-E0E8CFC16ADC}.Release|Any CPU.Build.0 = Release|Any CPU
		{CB82ACBA-F890-4EE0-9F2B-FA5E973774D4}.Debug|Any CPU.ActiveCfg = Debug|Any CPU
		{CB82ACBA-F890-4EE0-9F2B-FA5E973774D4}.Debug|Any CPU.Build.0 = Debug|Any CPU
		{CB82ACBA-F890-4EE0-9F2B-FA5E973774D4}.Release|Any CPU.ActiveCfg = Release|Any CPU
		{CB82ACBA-F890-4EE0-9F2B-FA5E973774D4}.Release|Any CPU.Build.0 = Release|Any CPU
	EndGlobalSection
	GlobalSection(SolutionProperties) = preSolution
		HideSolutionNode = FALSE
	EndGlobalSection
	GlobalSection(ExtensibilityGlobals) = postSolution
		SolutionGuid = {B14D8629-C0B3-4EC2-9BEC-D10E3D58D821}
	EndGlobalSection
EndGlobal
